Microsoft Visual Studio Solution File, Format Version 12.00
# Visual Studio Version 17
VisualStudioVersion = 17.0.31903.59
MinimumVisualStudioVersion = 10.0.40219.1
Project("{2150E333-8FDC-42A3-9474-1A3956D46DE8}") = "Core", "src\Core", "{CB1E2654-44C9-4567-B0B7-51C14E98AC23}"
EndProject
Project("{FAE04EC0-301F-11D3-BF4B-00C04F79EFBC}") = "ECommerce.Core", "src\Core\ECommerce.Core\ECommerce.Core.csproj", "{58B6E185-358E-4425-8FDA-1841BD1A6A6F}"
EndProject
Project("{2150E333-8FDC-42A3-9474-1A3956D46DE8}") = "src", "src", "{9F8D8036-4013-46D0-8ACD-401DD952C518}"
EndProject
Project("{2150E333-8FDC-42A3-9474-1A3956D46DE8}") = "Services", "Services", "{076D4492-B035-4594-9AA4-CF548241041D}"
EndProject
Project("{2150E333-8FDC-42A3-9474-1A3956D46DE8}") = "ProductCatalog", "ProductCatalog", "{BC554D9B-2A30-44C8-9C37-74B977785ABA}"
EndProject
Project("{FAE04EC0-301F-11D3-BF4B-00C04F79EFBC}") = "ProductCatalog.Domain", "src\Services\ProductCatalog\ProductCatalog.Domain\ProductCatalog.Domain.csproj", "{C2743351-1519-4F33-92D7-32294062404F}"
EndProject
Project("{FAE04EC0-301F-11D3-BF4B-00C04F79EFBC}") = "ProductCatalog.Infrastructure", "src\Services\ProductCatalog\ProductCatalog.Infrastructure\ProductCatalog.Infrastructure.csproj", "{CD3EF7ED-F122-4CE6-BD6D-9807B31A119D}"
EndProject
Project("{FAE04EC0-301F-11D3-BF4B-00C04F79EFBC}") = "ProductCatalog.Application", "src\Services\ProductCatalog\ProductCatalog.Application\ProductCatalog.Application.csproj", "{FF49DB64-1853-411A-8B7C-E9781F169CAE}"
EndProject
Project("{FAE04EC0-301F-11D3-BF4B-00C04F79EFBC}") = "ProductCatalog.API", "src\Services\ProductCatalog\ProductCatalog.API\ProductCatalog.API.csproj", "{6AAEC399-209E-40A2-AF16-8C05E4ED7AC5}"
EndProject
Project("{2150E333-8FDC-42A3-9474-1A3956D46DE8}") = "Marketing", "Marketing", "{0901838D-2E84-4876-9974-3A0AF87DA78B}"
EndProject
Project("{FAE04EC0-301F-11D3-BF4B-00C04F79EFBC}") = "Marketing.Domain", "src\Services\Marketing\Marketing.Domain\Marketing.Domain.csproj", "{2151077F-069C-4C5A-A78E-A39208A60118}"
EndProject
Project("{FAE04EC0-301F-11D3-BF4B-00C04F79EFBC}") = "Marketing.Application", "src\Services\Marketing\Marketing.Application\Marketing.Application.csproj", "{EA2271FF-46C8-450E-97BB-01B360755BB3}"
EndProject
Project("{FAE04EC0-301F-11D3-BF4B-00C04F79EFBC}") = "Marketing.Infrastructure", "src\Services\Marketing\Marketing.Infrastructure\Marketing.Infrastructure.csproj", "{F01EFC29-E42C-4618-8526-3B55903BF6C9}"
EndProject
Project("{FAE04EC0-301F-11D3-BF4B-00C04F79EFBC}") = "Marketing.API", "src\Services\Marketing\Marketing.API\Marketing.API.csproj", "{55532850-9226-4614-A04A-D09096EB0373}"
EndProject
Project("{FAE04EC0-301F-11D3-BF4B-00C04F79EFBC}") = "ECommerce.Core.Infrastructure", "src\Core\ECommerce.Core.Infrastructure\ECommerce.Core.Infrastructure.csproj", "{207F111B-4CF6-42A6-BE60-FA0D7AE260C0}"
EndProject
Project("{2150E333-8FDC-42A3-9474-1A3956D46DE8}") = "Marketing.Tests", "Marketing.Tests", "{A4505E00-CC2A-48DD-A87D-9A3EA976BA1B}"
EndProject
Project("{FAE04EC0-301F-11D3-BF4B-00C04F79EFBC}") = "Marketing.Tests.Application", "src\Services\Marketing.Tests\Marketing.Tests.Application\Marketing.Tests.Application.csproj", "{39ACBB85-2ED5-40F3-A8A9-C68A279CCEFF}"
EndProject
Global
	GlobalSection(SolutionConfigurationPlatforms) = preSolution
		Debug|Any CPU = Debug|Any CPU
		Release|Any CPU = Release|Any CPU
	EndGlobalSection
	GlobalSection(SolutionProperties) = preSolution
		HideSolutionNode = FALSE
	EndGlobalSection
	GlobalSection(ProjectConfigurationPlatforms) = postSolution
		{58B6E185-358E-4425-8FDA-1841BD1A6A6F}.Debug|Any CPU.ActiveCfg = Debug|Any CPU
		{58B6E185-358E-4425-8FDA-1841BD1A6A6F}.Debug|Any CPU.Build.0 = Debug|Any CPU
		{58B6E185-358E-4425-8FDA-1841BD1A6A6F}.Release|Any CPU.ActiveCfg = Release|Any CPU
		{58B6E185-358E-4425-8FDA-1841BD1A6A6F}.Release|Any CPU.Build.0 = Release|Any CPU
		{C2743351-1519-4F33-92D7-32294062404F}.Debug|Any CPU.ActiveCfg = Debug|Any CPU
		{C2743351-1519-4F33-92D7-32294062404F}.Debug|Any CPU.Build.0 = Debug|Any CPU
		{C2743351-1519-4F33-92D7-32294062404F}.Release|Any CPU.ActiveCfg = Release|Any CPU
		{C2743351-1519-4F33-92D7-32294062404F}.Release|Any CPU.Build.0 = Release|Any CPU
		{CD3EF7ED-F122-4CE6-BD6D-9807B31A119D}.Debug|Any CPU.ActiveCfg = Debug|Any CPU
		{CD3EF7ED-F122-4CE6-BD6D-9807B31A119D}.Debug|Any CPU.Build.0 = Debug|Any CPU
		{CD3EF7ED-F122-4CE6-BD6D-9807B31A119D}.Release|Any CPU.ActiveCfg = Release|Any CPU
		{CD3EF7ED-F122-4CE6-BD6D-9807B31A119D}.Release|Any CPU.Build.0 = Release|Any CPU
		{FF49DB64-1853-411A-8B7C-E9781F169CAE}.Debug|Any CPU.ActiveCfg = Debug|Any CPU
		{FF49DB64-1853-411A-8B7C-E9781F169CAE}.Debug|Any CPU.Build.0 = Debug|Any CPU
		{FF49DB64-1853-411A-8B7C-E9781F169CAE}.Release|Any CPU.ActiveCfg = Release|Any CPU
		{FF49DB64-1853-411A-8B7C-E9781F169CAE}.Release|Any CPU.Build.0 = Release|Any CPU
		{6AAEC399-209E-40A2-AF16-8C05E4ED7AC5}.Debug|Any CPU.ActiveCfg = Debug|Any CPU
		{6AAEC399-209E-40A2-AF16-8C05E4ED7AC5}.Debug|Any CPU.Build.0 = Debug|Any CPU
		{6AAEC399-209E-40A2-AF16-8C05E4ED7AC5}.Release|Any CPU.ActiveCfg = Release|Any CPU
		{6AAEC399-209E-40A2-AF16-8C05E4ED7AC5}.Release|Any CPU.Build.0 = Release|Any CPU
		{2151077F-069C-4C5A-A78E-A39208A60118}.Debug|Any CPU.ActiveCfg = Debug|Any CPU
		{2151077F-069C-4C5A-A78E-A39208A60118}.Debug|Any CPU.Build.0 = Debug|Any CPU
		{2151077F-069C-4C5A-A78E-A39208A60118}.Release|Any CPU.ActiveCfg = Release|Any CPU
		{2151077F-069C-4C5A-A78E-A39208A60118}.Release|Any CPU.Build.0 = Release|Any CPU
		{EA2271FF-46C8-450E-97BB-01B360755BB3}.Debug|Any CPU.ActiveCfg = Debug|Any CPU
		{EA2271FF-46C8-450E-97BB-01B360755BB3}.Debug|Any CPU.Build.0 = Debug|Any CPU
		{EA2271FF-46C8-450E-97BB-01B360755BB3}.Release|Any CPU.ActiveCfg = Release|Any CPU
		{EA2271FF-46C8-450E-97BB-01B360755BB3}.Release|Any CPU.Build.0 = Release|Any CPU
		{F01EFC29-E42C-4618-8526-3B55903BF6C9}.Debug|Any CPU.ActiveCfg = Debug|Any CPU
		{F01EFC29-E42C-4618-8526-3B55903BF6C9}.Debug|Any CPU.Build.0 = Debug|Any CPU
		{F01EFC29-E42C-4618-8526-3B55903BF6C9}.Release|Any CPU.ActiveCfg = Release|Any CPU
		{F01EFC29-E42C-4618-8526-3B55903BF6C9}.Release|Any CPU.Build.0 = Release|Any CPU
		{55532850-9226-4614-A04A-D09096EB0373}.Debug|Any CPU.ActiveCfg = Debug|Any CPU
		{55532850-9226-4614-A04A-D09096EB0373}.Debug|Any CPU.Build.0 = Debug|Any CPU
		{55532850-9226-4614-A04A-D09096EB0373}.Release|Any CPU.ActiveCfg = Release|Any CPU
		{55532850-9226-4614-A04A-D09096EB0373}.Release|Any CPU.Build.0 = Release|Any CPU
		{207F111B-4CF6-42A6-BE60-FA0D7AE260C0}.Debug|Any CPU.ActiveCfg = Debug|Any CPU
		{207F111B-4CF6-42A6-BE60-FA0D7AE260C0}.Debug|Any CPU.Build.0 = Debug|Any CPU
		{207F111B-4CF6-42A6-BE60-FA0D7AE260C0}.Release|Any CPU.ActiveCfg = Release|Any CPU
		{207F111B-4CF6-42A6-BE60-FA0D7AE260C0}.Release|Any CPU.Build.0 = Release|Any CPU
		{39ACBB85-2ED5-40F3-A8A9-C68A279CCEFF}.Debug|Any CPU.ActiveCfg = Debug|Any CPU
		{39ACBB85-2ED5-40F3-A8A9-C68A279CCEFF}.Debug|Any CPU.Build.0 = Debug|Any CPU
		{39ACBB85-2ED5-40F3-A8A9-C68A279CCEFF}.Release|Any CPU.ActiveCfg = Release|Any CPU
		{39ACBB85-2ED5-40F3-A8A9-C68A279CCEFF}.Release|Any CPU.Build.0 = Release|Any CPU
	EndGlobalSection
	GlobalSection(NestedProjects) = preSolution
		{58B6E185-358E-4425-8FDA-1841BD1A6A6F} = {CB1E2654-44C9-4567-B0B7-51C14E98AC23}
		{076D4492-B035-4594-9AA4-CF548241041D} = {9F8D8036-4013-46D0-8ACD-401DD952C518}
		{BC554D9B-2A30-44C8-9C37-74B977785ABA} = {076D4492-B035-4594-9AA4-CF548241041D}
		{C2743351-1519-4F33-92D7-32294062404F} = {BC554D9B-2A30-44C8-9C37-74B977785ABA}
		{CD3EF7ED-F122-4CE6-BD6D-9807B31A119D} = {BC554D9B-2A30-44C8-9C37-74B977785ABA}
		{FF49DB64-1853-411A-8B7C-E9781F169CAE} = {BC554D9B-2A30-44C8-9C37-74B977785ABA}
		{6AAEC399-209E-40A2-AF16-8C05E4ED7AC5} = {BC554D9B-2A30-44C8-9C37-74B977785ABA}
		{0901838D-2E84-4876-9974-3A0AF87DA78B} = {076D4492-B035-4594-9AA4-CF548241041D}
		{2151077F-069C-4C5A-A78E-A39208A60118} = {0901838D-2E84-4876-9974-3A0AF87DA78B}
		{EA2271FF-46C8-450E-97BB-01B360755BB3} = {0901838D-2E84-4876-9974-3A0AF87DA78B}
		{F01EFC29-E42C-4618-8526-3B55903BF6C9} = {0901838D-2E84-4876-9974-3A0AF87DA78B}
		{55532850-9226-4614-A04A-D09096EB0373} = {0901838D-2E84-4876-9974-3A0AF87DA78B}
		{207F111B-4CF6-42A6-BE60-FA0D7AE260C0} = {CB1E2654-44C9-4567-B0B7-51C14E98AC23}
		{A4505E00-CC2A-48DD-A87D-9A3EA976BA1B} = {076D4492-B035-4594-9AA4-CF548241041D}
		{39ACBB85-2ED5-40F3-A8A9-C68A279CCEFF} = {A4505E00-CC2A-48DD-A87D-9A3EA976BA1B}
	EndGlobalSection
EndGlobal
